
Microsoft Visual Studio Solution File, Format Version 12.00
Project("{FAE04EC0-301F-11D3-BF4B-00C04F79EFBC}") = "Wrap.FilmProductionManagementSystem.Web", "Wrap.FilmProductionManagementSystem.Web\Wrap.FilmProductionManagementSystem.Web.csproj", "{0475CFF2-93E8-4710-AC39-517BB1411273}"
EndProject
Project("{2150E333-8FDC-42A3-9474-1A3956D46DE8}") = "Data", "Data", "{9F4F8878-3004-410B-A6EA-88D148D84C0E}"
EndProject
Project("{2150E333-8FDC-42A3-9474-1A3956D46DE8}") = "Services", "Services", "{3A105167-EB3E-4FAB-A3C8-3A6046163515}"
EndProject
Project("{2150E333-8FDC-42A3-9474-1A3956D46DE8}") = "Web", "Web", "{C28A5446-7257-42D1-BF0A-3511FB33F8B8}"
EndProject
Project("{FAE04EC0-301F-11D3-BF4B-00C04F79EFBC}") = "Wrap.Data", "Wrap.Data\Wrap.Data.csproj", "{01890726-55DF-48F3-9BC1-5C40D5FA3F06}"
EndProject
Project("{FAE04EC0-301F-11D3-BF4B-00C04F79EFBC}") = "Wrap.Data.Models", "Wrap.Data.Models\Wrap.Data.Models.csproj", "{64B493A7-EFDA-4F93-92AB-31E81724ED1C}"
EndProject
Project("{FAE04EC0-301F-11D3-BF4B-00C04F79EFBC}") = "Wrap.Services.Core", "Wrap.Services.Core\Wrap.Services.Core.csproj", "{3135C86E-DD54-40A0-A273-A1F6048E4C92}"
EndProject
Project("{FAE04EC0-301F-11D3-BF4B-00C04F79EFBC}") = "Wrap.ViewModels", "Wrap.ViewModels\Wrap.ViewModels.csproj", "{10849966-5316-4A12-ABE5-A9D1DFF31E18}"
EndProject
Project("{FAE04EC0-301F-11D3-BF4B-00C04F79EFBC}") = "Wrap.GCommon", "Wrap.GCommon\Wrap.GCommon.csproj", "{F82F120E-FA0E-418C-BAE4-C2F64E3EE3B0}"
EndProject
Global
	GlobalSection(SolutionConfigurationPlatforms) = preSolution
		Debug|Any CPU = Debug|Any CPU
		Release|Any CPU = Release|Any CPU
	EndGlobalSection
	GlobalSection(ProjectConfigurationPlatforms) = postSolution
		{0475CFF2-93E8-4710-AC39-517BB1411273}.Debug|Any CPU.ActiveCfg = Debug|Any CPU
		{0475CFF2-93E8-4710-AC39-517BB1411273}.Debug|Any CPU.Build.0 = Debug|Any CPU
		{0475CFF2-93E8-4710-AC39-517BB1411273}.Release|Any CPU.ActiveCfg = Release|Any CPU
		{0475CFF2-93E8-4710-AC39-517BB1411273}.Release|Any CPU.Build.0 = Release|Any CPU
		{01890726-55DF-48F3-9BC1-5C40D5FA3F06}.Debug|Any CPU.ActiveCfg = Debug|Any CPU
		{01890726-55DF-48F3-9BC1-5C40D5FA3F06}.Debug|Any CPU.Build.0 = Debug|Any CPU
		{01890726-55DF-48F3-9BC1-5C40D5FA3F06}.Release|Any CPU.ActiveCfg = Release|Any CPU
		{01890726-55DF-48F3-9BC1-5C40D5FA3F06}.Release|Any CPU.Build.0 = Release|Any CPU
		{64B493A7-EFDA-4F93-92AB-31E81724ED1C}.Debug|Any CPU.ActiveCfg = Debug|Any CPU
		{64B493A7-EFDA-4F93-92AB-31E81724ED1C}.Debug|Any CPU.Build.0 = Debug|Any CPU
		{64B493A7-EFDA-4F93-92AB-31E81724ED1C}.Release|Any CPU.ActiveCfg = Release|Any CPU
		{64B493A7-EFDA-4F93-92AB-31E81724ED1C}.Release|Any CPU.Build.0 = Release|Any CPU
		{3135C86E-DD54-40A0-A273-A1F6048E4C92}.Debug|Any CPU.ActiveCfg = Debug|Any CPU
		{3135C86E-DD54-40A0-A273-A1F6048E4C92}.Debug|Any CPU.Build.0 = Debug|Any CPU
		{3135C86E-DD54-40A0-A273-A1F6048E4C92}.Release|Any CPU.ActiveCfg = Release|Any CPU
		{3135C86E-DD54-40A0-A273-A1F6048E4C92}.Release|Any CPU.Build.0 = Release|Any CPU
		{10849966-5316-4A12-ABE5-A9D1DFF31E18}.Debug|Any CPU.ActiveCfg = Debug|Any CPU
		{10849966-5316-4A12-ABE5-A9D1DFF31E18}.Debug|Any CPU.Build.0 = Debug|Any CPU
		{10849966-5316-4A12-ABE5-A9D1DFF31E18}.Release|Any CPU.ActiveCfg = Release|Any CPU
		{10849966-5316-4A12-ABE5-A9D1DFF31E18}.Release|Any CPU.Build.0 = Release|Any CPU
		{F82F120E-FA0E-418C-BAE4-C2F64E3EE3B0}.Debug|Any CPU.ActiveCfg = Debug|Any CPU
		{F82F120E-FA0E-418C-BAE4-C2F64E3EE3B0}.Debug|Any CPU.Build.0 = Debug|Any CPU
		{F82F120E-FA0E-418C-BAE4-C2F64E3EE3B0}.Release|Any CPU.ActiveCfg = Release|Any CPU
		{F82F120E-FA0E-418C-BAE4-C2F64E3EE3B0}.Release|Any CPU.Build.0 = Release|Any CPU
	EndGlobalSection
	GlobalSection(NestedProjects) = preSolution
		{01890726-55DF-48F3-9BC1-5C40D5FA3F06} = {9F4F8878-3004-410B-A6EA-88D148D84C0E}
		{64B493A7-EFDA-4F93-92AB-31E81724ED1C} = {9F4F8878-3004-410B-A6EA-88D148D84C0E}
		{3135C86E-DD54-40A0-A273-A1F6048E4C92} = {3A105167-EB3E-4FAB-A3C8-3A6046163515}
		{10849966-5316-4A12-ABE5-A9D1DFF31E18} = {C28A5446-7257-42D1-BF0A-3511FB33F8B8}
		{0475CFF2-93E8-4710-AC39-517BB1411273} = {C28A5446-7257-42D1-BF0A-3511FB33F8B8}
	EndGlobalSection
EndGlobal
